
Microsoft Visual Studio Solution File, Format Version 12.00
# Visual Studio Version 16
VisualStudioVersion = 16.0.30907.101
MinimumVisualStudioVersion = 10.0.40219.1
Project("{9A19103F-16F7-4668-BE54-9A1E7A4F7556}") = "CampIntro", "KampIntro\CampIntro.csproj", "{9D462D64-A788-46FE-A98A-12BE987CE8DF}"
EndProject
Project("{9A19103F-16F7-4668-BE54-9A1E7A4F7556}") = "Donguler", "Donguler\Donguler.csproj", "{4CD401F3-1EB8-478A-BAAD-8C38FF48F2EA}"
EndProject
Project("{9A19103F-16F7-4668-BE54-9A1E7A4F7556}") = "ClassIntro", "ClassIntro\ClassIntro.csproj", "{0F303E7D-0579-4D48-97BE-DA530371C2DB}"
EndProject
Project("{9A19103F-16F7-4668-BE54-9A1E7A4F7556}") = "Methodlar", "Methodlar\Methodlar.csproj", "{FAC30249-3B63-43FD-B003-F7A5B3898EEE}"
EndProject
Project("{9A19103F-16F7-4668-BE54-9A1E7A4F7556}") = "Matematik", "Matematik\Matematik.csproj", "{CE7CA603-C63A-4BE8-8391-E1B1DADB4D55}"
EndProject
Project("{9A19103F-16F7-4668-BE54-9A1E7A4F7556}") = "DegerVeReferansTipler", "DegerVeReferansTipler\DegerVeReferansTipler.csproj", "{0D1B0E07-F112-4110-B8A2-FD504F4C66FF}"
EndProject
Project("{9A19103F-16F7-4668-BE54-9A1E7A4F7556}") = "OOP1", "OOP1\OOP1.csproj", "{6E8E0D3D-9D7E-4E73-8080-9F8122D1DBAC}"
EndProject
Project("{9A19103F-16F7-4668-BE54-9A1E7A4F7556}") = "Koleksiyonlar", "Koleksiyonlar\Koleksiyonlar.csproj", "{17C37CF5-2085-442E-801B-2E2F44F28ED2}"
EndProject
Project("{9A19103F-16F7-4668-BE54-9A1E7A4F7556}") = "GenericsIntro", "GenericsIntro\GenericsIntro.csproj", "{9502AE48-A021-4590-801B-816D675D8638}"
EndProject
Project("{FAE04EC0-301F-11D3-BF4B-00C04F79EFBC}") = "OOP2", "OOP2\OOP2.csproj", "{6B3A77C6-DD7D-4930-96CB-5E7F7621CBC3}"
EndProject
Project("{FAE04EC0-301F-11D3-BF4B-00C04F79EFBC}") = "OOP3", "OOP3\OOP3.csproj", "{85351BEE-4A88-4737-9B7A-50CB34690018}"
EndProject
Project("{FAE04EC0-301F-11D3-BF4B-00C04F79EFBC}") = "GameProject", "GameProject\GameProject.csproj", "{94F3101F-B15E-47C1-B5AC-1C7CF0E3BBBA}"
EndProject
Global
	GlobalSection(SolutionConfigurationPlatforms) = preSolution
		Debug|Any CPU = Debug|Any CPU
		Release|Any CPU = Release|Any CPU
	EndGlobalSection
	GlobalSection(ProjectConfigurationPlatforms) = postSolution
		{9D462D64-A788-46FE-A98A-12BE987CE8DF}.Debug|Any CPU.ActiveCfg = Debug|Any CPU
		{9D462D64-A788-46FE-A98A-12BE987CE8DF}.Debug|Any CPU.Build.0 = Debug|Any CPU
		{9D462D64-A788-46FE-A98A-12BE987CE8DF}.Release|Any CPU.ActiveCfg = Release|Any CPU
		{9D462D64-A788-46FE-A98A-12BE987CE8DF}.Release|Any CPU.Build.0 = Release|Any CPU
		{4CD401F3-1EB8-478A-BAAD-8C38FF48F2EA}.Debug|Any CPU.ActiveCfg = Debug|Any CPU
		{4CD401F3-1EB8-478A-BAAD-8C38FF48F2EA}.Debug|Any CPU.Build.0 = Debug|Any CPU
		{4CD401F3-1EB8-478A-BAAD-8C38FF48F2EA}.Release|Any CPU.ActiveCfg = Release|Any CPU
		{4CD401F3-1EB8-478A-BAAD-8C38FF48F2EA}.Release|Any CPU.Build.0 = Release|Any CPU
		{0F303E7D-0579-4D48-97BE-DA530371C2DB}.Debug|Any CPU.ActiveCfg = Debug|Any CPU
		{0F303E7D-0579-4D48-97BE-DA530371C2DB}.Debug|Any CPU.Build.0 = Debug|Any CPU
		{0F303E7D-0579-4D48-97BE-DA530371C2DB}.Release|Any CPU.ActiveCfg = Release|Any CPU
		{0F303E7D-0579-4D48-97BE-DA530371C2DB}.Release|Any CPU.Build.0 = Release|Any CPU
		{FAC30249-3B63-43FD-B003-F7A5B3898EEE}.Debug|Any CPU.ActiveCfg = Debug|Any CPU
		{FAC30249-3B63-43FD-B003-F7A5B3898EEE}.Debug|Any CPU.Build.0 = Debug|Any CPU
		{FAC30249-3B63-43FD-B003-F7A5B3898EEE}.Release|Any CPU.ActiveCfg = Release|Any CPU
		{FAC30249-3B63-43FD-B003-F7A5B3898EEE}.Release|Any CPU.Build.0 = Release|Any CPU
		{CE7CA603-C63A-4BE8-8391-E1B1DADB4D55}.Debug|Any CPU.ActiveCfg = Debug|Any CPU
		{CE7CA603-C63A-4BE8-8391-E1B1DADB4D55}.Debug|Any CPU.Build.0 = Debug|Any CPU
		{CE7CA603-C63A-4BE8-8391-E1B1DADB4D55}.Release|Any CPU.ActiveCfg = Release|Any CPU
		{CE7CA603-C63A-4BE8-8391-E1B1DADB4D55}.Release|Any CPU.Build.0 = Release|Any CPU
		{0D1B0E07-F112-4110-B8A2-FD504F4C66FF}.Debug|Any CPU.ActiveCfg = Debug|Any CPU
		{0D1B0E07-F112-4110-B8A2-FD504F4C66FF}.Debug|Any CPU.Build.0 = Debug|Any CPU
		{0D1B0E07-F112-4110-B8A2-FD504F4C66FF}.Release|Any CPU.ActiveCfg = Release|Any CPU
		{0D1B0E07-F112-4110-B8A2-FD504F4C66FF}.Release|Any CPU.Build.0 = Release|Any CPU
		{6E8E0D3D-9D7E-4E73-8080-9F8122D1DBAC}.Debug|Any CPU.ActiveCfg = Debug|Any CPU
		{6E8E0D3D-9D7E-4E73-8080-9F8122D1DBAC}.Debug|Any CPU.Build.0 = Debug|Any CPU
		{6E8E0D3D-9D7E-4E73-8080-9F8122D1DBAC}.Release|Any CPU.ActiveCfg = Release|Any CPU
		{6E8E0D3D-9D7E-4E73-8080-9F8122D1DBAC}.Release|Any CPU.Build.0 = Release|Any CPU
		{17C37CF5-2085-442E-801B-2E2F44F28ED2}.Debug|Any CPU.ActiveCfg = Debug|Any CPU
		{17C37CF5-2085-442E-801B-2E2F44F28ED2}.Debug|Any CPU.Build.0 = Debug|Any CPU
		{17C37CF5-2085-442E-801B-2E2F44F28ED2}.Release|Any CPU.ActiveCfg = Release|Any CPU
		{17C37CF5-2085-442E-801B-2E2F44F28ED2}.Release|Any CPU.Build.0 = Release|Any CPU
		{9502AE48-A021-4590-801B-816D675D8638}.Debug|Any CPU.ActiveCfg = Debug|Any CPU
		{9502AE48-A021-4590-801B-816D675D8638}.Debug|Any CPU.Build.0 = Debug|Any CPU
		{9502AE48-A021-4590-801B-816D675D8638}.Release|Any CPU.ActiveCfg = Release|Any CPU
		{9502AE48-A021-4590-801B-816D675D8638}.Release|Any CPU.Build.0 = Release|Any CPU
		{6B3A77C6-DD7D-4930-96CB-5E7F7621CBC3}.Debug|Any CPU.ActiveCfg = Debug|Any CPU
		{6B3A77C6-DD7D-4930-96CB-5E7F7621CBC3}.Debug|Any CPU.Build.0 = Debug|Any CPU
		{6B3A77C6-DD7D-4930-96CB-5E7F7621CBC3}.Release|Any CPU.ActiveCfg = Release|Any CPU
		{6B3A77C6-DD7D-4930-96CB-5E7F7621CBC3}.Release|Any CPU.Build.0 = Release|Any CPU
		{85351BEE-4A88-4737-9B7A-50CB34690018}.Debug|Any CPU.ActiveCfg = Debug|Any CPU
		{85351BEE-4A88-4737-9B7A-50CB34690018}.Debug|Any CPU.Build.0 = Debug|Any CPU
		{85351BEE-4A88-4737-9B7A-50CB34690018}.Release|Any CPU.ActiveCfg = Release|Any CPU
		{85351BEE-4A88-4737-9B7A-50CB34690018}.Release|Any CPU.Build.0 = Release|Any CPU
		{94F3101F-B15E-47C1-B5AC-1C7CF0E3BBBA}.Debug|Any CPU.ActiveCfg = Debug|Any CPU
		{94F3101F-B15E-47C1-B5AC-1C7CF0E3BBBA}.Debug|Any CPU.Build.0 = Debug|Any CPU
		{94F3101F-B15E-47C1-B5AC-1C7CF0E3BBBA}.Release|Any CPU.ActiveCfg = Release|Any CPU
		{94F3101F-B15E-47C1-B5AC-1C7CF0E3BBBA}.Release|Any CPU.Build.0 = Release|Any CPU
	EndGlobalSection
	GlobalSection(SolutionProperties) = preSolution
		HideSolutionNode = FALSE
	EndGlobalSection
	GlobalSection(ExtensibilityGlobals) = postSolution
		SolutionGuid = {C2E56C65-61D0-49CE-A639-92C438BCB3A2}
	EndGlobalSection
EndGlobal
